
Microsoft Visual Studio Solution File, Format Version 12.00
# Visual Studio Version 17
VisualStudioVersion = 17.4.33122.133
MinimumVisualStudioVersion = 10.0.40219.1
Project("{FAE04EC0-301F-11D3-BF4B-00C04F79EFBC}") = "Csharp", "Csharp\Csharp.csproj", "{93617B9A-DE0C-423B-9FAC-9B5EACEB74F0}"
	ProjectSection(ProjectDependencies) = postProject
		{47B607AA-9849-4A5A-9F8A-84532039D430} = {47B607AA-9849-4A5A-9F8A-84532039D430}
		{E5679F8B-F577-4C97-BF76-4D5A912D82E4} = {E5679F8B-F577-4C97-BF76-4D5A912D82E4}
		{E5B24265-C0B7-4358-B3C0-663D43E779D0} = {E5B24265-C0B7-4358-B3C0-663D43E779D0}
	EndProjectSection
EndProject
Project("{8BC9CEB8-8B4A-11D0-8D11-00A0C91BC942}") = "TranspFuncs", "TranspFuncs\TranspFuncs.vcxproj", "{E5B24265-C0B7-4358-B3C0-663D43E779D0}"
EndProject
Project("{8BC9CEB8-8B4A-11D0-8D11-00A0C91BC942}") = "Server", "Server\Server.vcxproj", "{E5679F8B-F577-4C97-BF76-4D5A912D82E4}"
EndProject
Project("{9A19103F-16F7-4668-BE54-9A1E7A4F7556}") = "Client", "..\Client\Client.csproj", "{47B607AA-9849-4A5A-9F8A-84532039D430}"
	ProjectSection(ProjectDependencies) = postProject
		{E5679F8B-F577-4C97-BF76-4D5A912D82E4} = {E5679F8B-F577-4C97-BF76-4D5A912D82E4}
		{E5B24265-C0B7-4358-B3C0-663D43E779D0} = {E5B24265-C0B7-4358-B3C0-663D43E779D0}
	EndProjectSection
EndProject
Global
	GlobalSection(SolutionConfigurationPlatforms) = preSolution
		Debug|Any CPU = Debug|Any CPU
		Debug|x64 = Debug|x64
		Debug|x86 = Debug|x86
		Release|Any CPU = Release|Any CPU
		Release|x64 = Release|x64
		Release|x86 = Release|x86
	EndGlobalSection
	GlobalSection(ProjectConfigurationPlatforms) = postSolution
		{93617B9A-DE0C-423B-9FAC-9B5EACEB74F0}.Debug|Any CPU.ActiveCfg = Debug|Any CPU
		{93617B9A-DE0C-423B-9FAC-9B5EACEB74F0}.Debug|Any CPU.Build.0 = Debug|Any CPU
		{93617B9A-DE0C-423B-9FAC-9B5EACEB74F0}.Debug|x64.ActiveCfg = Debug|Any CPU
		{93617B9A-DE0C-423B-9FAC-9B5EACEB74F0}.Debug|x64.Build.0 = Debug|Any CPU
		{93617B9A-DE0C-423B-9FAC-9B5EACEB74F0}.Debug|x86.ActiveCfg = Debug|Any CPU
		{93617B9A-DE0C-423B-9FAC-9B5EACEB74F0}.Debug|x86.Build.0 = Debug|Any CPU
		{93617B9A-DE0C-423B-9FAC-9B5EACEB74F0}.Release|Any CPU.ActiveCfg = Release|Any CPU
		{93617B9A-DE0C-423B-9FAC-9B5EACEB74F0}.Release|Any CPU.Build.0 = Release|Any CPU
		{93617B9A-DE0C-423B-9FAC-9B5EACEB74F0}.Release|x64.ActiveCfg = Release|Any CPU
		{93617B9A-DE0C-423B-9FAC-9B5EACEB74F0}.Release|x64.Build.0 = Release|Any CPU
		{93617B9A-DE0C-423B-9FAC-9B5EACEB74F0}.Release|x86.ActiveCfg = Release|Any CPU
		{93617B9A-DE0C-423B-9FAC-9B5EACEB74F0}.Release|x86.Build.0 = Release|Any CPU
		{E5B24265-C0B7-4358-B3C0-663D43E779D0}.Debug|Any CPU.ActiveCfg = Debug|x64
		{E5B24265-C0B7-4358-B3C0-663D43E779D0}.Debug|Any CPU.Build.0 = Debug|x64
		{E5B24265-C0B7-4358-B3C0-663D43E779D0}.Debug|x64.ActiveCfg = Debug|x64
		{E5B24265-C0B7-4358-B3C0-663D43E779D0}.Debug|x64.Build.0 = Debug|x64
		{E5B24265-C0B7-4358-B3C0-663D43E779D0}.Debug|x86.ActiveCfg = Debug|Win32
		{E5B24265-C0B7-4358-B3C0-663D43E779D0}.Debug|x86.Build.0 = Debug|Win32
		{E5B24265-C0B7-4358-B3C0-663D43E779D0}.Release|Any CPU.ActiveCfg = Release|x64
		{E5B24265-C0B7-4358-B3C0-663D43E779D0}.Release|Any CPU.Build.0 = Release|x64
		{E5B24265-C0B7-4358-B3C0-663D43E779D0}.Release|x64.ActiveCfg = Release|x64
		{E5B24265-C0B7-4358-B3C0-663D43E779D0}.Release|x64.Build.0 = Release|x64
		{E5B24265-C0B7-4358-B3C0-663D43E779D0}.Release|x86.ActiveCfg = Release|Win32
		{E5B24265-C0B7-4358-B3C0-663D43E779D0}.Release|x86.Build.0 = Release|Win32
		{E5679F8B-F577-4C97-BF76-4D5A912D82E4}.Debug|Any CPU.ActiveCfg = Debug|x64
		{E5679F8B-F577-4C97-BF76-4D5A912D82E4}.Debug|Any CPU.Build.0 = Debug|x64
		{E5679F8B-F577-4C97-BF76-4D5A912D82E4}.Debug|x64.ActiveCfg = Debug|x64
		{E5679F8B-F577-4C97-BF76-4D5A912D82E4}.Debug|x64.Build.0 = Debug|x64
		{E5679F8B-F577-4C97-BF76-4D5A912D82E4}.Debug|x86.ActiveCfg = Debug|Win32
		{E5679F8B-F577-4C97-BF76-4D5A912D82E4}.Debug|x86.Build.0 = Debug|Win32
		{E5679F8B-F577-4C97-BF76-4D5A912D82E4}.Release|Any CPU.ActiveCfg = Release|x64
		{E5679F8B-F577-4C97-BF76-4D5A912D82E4}.Release|Any CPU.Build.0 = Release|x64
		{E5679F8B-F577-4C97-BF76-4D5A912D82E4}.Release|x64.ActiveCfg = Release|x64
		{E5679F8B-F577-4C97-BF76-4D5A912D82E4}.Release|x64.Build.0 = Release|x64
		{E5679F8B-F577-4C97-BF76-4D5A912D82E4}.Release|x86.ActiveCfg = Release|Win32
		{E5679F8B-F577-4C97-BF76-4D5A912D82E4}.Release|x86.Build.0 = Release|Win32
		{47B607AA-9849-4A5A-9F8A-84532039D430}.Debug|Any CPU.ActiveCfg = Debug|Any CPU
		{47B607AA-9849-4A5A-9F8A-84532039D430}.Debug|Any CPU.Build.0 = Debug|Any CPU
		{47B607AA-9849-4A5A-9F8A-84532039D430}.Debug|x64.ActiveCfg = Debug|Any CPU
		{47B607AA-9849-4A5A-9F8A-84532039D430}.Debug|x64.Build.0 = Debug|Any CPU
		{47B607AA-9849-4A5A-9F8A-84532039D430}.Debug|x86.ActiveCfg = Debug|Any CPU
		{47B607AA-9849-4A5A-9F8A-84532039D430}.Debug|x86.Build.0 = Debug|Any CPU
		{47B607AA-9849-4A5A-9F8A-84532039D430}.Release|Any CPU.ActiveCfg = Release|Any CPU
		{47B607AA-9849-4A5A-9F8A-84532039D430}.Release|Any CPU.Build.0 = Release|Any CPU
		{47B607AA-9849-4A5A-9F8A-84532039D430}.Release|x64.ActiveCfg = Release|Any CPU
		{47B607AA-9849-4A5A-9F8A-84532039D430}.Release|x64.Build.0 = Release|Any CPU
		{47B607AA-9849-4A5A-9F8A-84532039D430}.Release|x86.ActiveCfg = Release|Any CPU
		{47B607AA-9849-4A5A-9F8A-84532039D430}.Release|x86.Build.0 = Release|Any CPU
	EndGlobalSection
	GlobalSection(SolutionProperties) = preSolution
		HideSolutionNode = FALSE
	EndGlobalSection
	GlobalSection(ExtensibilityGlobals) = postSolution
		SolutionGuid = {F6993046-F01C-4165-A48E-A5ECFC20836F}
	EndGlobalSection
EndGlobal
